// !$*UTF8*$!
{
	archiveVersion = 1;
	classes = {
	};
	objectVersion = 46;
	objects = {

/* Begin PBXBuildFile section */
		CBC66954178DCF6100D4FCD7 /* UIKit.framework in Frameworks */ = {isa = PBXBuildFile; fileRef = CBC66953178DCF6100D4FCD7 /* UIKit.framework */; };
		CBC66956178DCF6100D4FCD7 /* Foundation.framework in Frameworks */ = {isa = PBXBuildFile; fileRef = CBC66955178DCF6100D4FCD7 /* Foundation.framework */; };
		CBC66958178DCF6100D4FCD7 /* CoreGraphics.framework in Frameworks */ = {isa = PBXBuildFile; fileRef = CBC66957178DCF6100D4FCD7 /* CoreGraphics.framework */; };
		CBC6695E178DCF6100D4FCD7 /* InfoPlist.strings in Resources */ = {isa = PBXBuildFile; fileRef = CBC6695C178DCF6100D4FCD7 /* InfoPlist.strings */; };
		CBC66960178DCF6100D4FCD7 /* main.m in Sources */ = {isa = PBXBuildFile; fileRef = CBC6695F178DCF6100D4FCD7 /* main.m */; };
		CBC66964178DCF6100D4FCD7 /* h4APIAppDelegate.m in Sources */ = {isa = PBXBuildFile; fileRef = CBC66963178DCF6100D4FCD7 /* h4APIAppDelegate.m */; };
		CBC66966178DCF6100D4FCD7 /* Default.png in Resources */ = {isa = PBXBuildFile; fileRef = CBC66965178DCF6100D4FCD7 /* Default.png */; };
		CBC66968178DCF6100D4FCD7 /* Default@2x.png in Resources */ = {isa = PBXBuildFile; fileRef = CBC66967178DCF6100D4FCD7 /* Default@2x.png */; };
		CBC6696A178DCF6100D4FCD7 /* Default-568h@2x.png in Resources */ = {isa = PBXBuildFile; fileRef = CBC66969178DCF6100D4FCD7 /* Default-568h@2x.png */; };
		CBC6696D178DCF6100D4FCD7 /* MainStoryboard_iPhone.storyboard in Resources */ = {isa = PBXBuildFile; fileRef = CBC6696B178DCF6100D4FCD7 /* MainStoryboard_iPhone.storyboard */; };
		CBC66970178DCF6100D4FCD7 /* MainStoryboard_iPad.storyboard in Resources */ = {isa = PBXBuildFile; fileRef = CBC6696E178DCF6100D4FCD7 /* MainStoryboard_iPad.storyboard */; };
		CBC66973178DCF6100D4FCD7 /* h4APIViewController.m in Sources */ = {isa = PBXBuildFile; fileRef = CBC66972178DCF6100D4FCD7 /* h4APIViewController.m */; };
		CBC6697B178DCF9800D4FCD7 /* H4APIStatRetreival.m in Sources */ = {isa = PBXBuildFile; fileRef = CBC6697A178DCF9800D4FCD7 /* H4APIStatRetreival.m */; };
/* End PBXBuildFile section */

/* Begin PBXFileReference section */
		CBC66950178DCF6100D4FCD7 /* h4ApiDemo.app */ = {isa = PBXFileReference; explicitFileType = wrapper.application; includeInIndex = 0; path = h4ApiDemo.app; sourceTree = BUILT_PRODUCTS_DIR; };
		CBC66953178DCF6100D4FCD7 /* UIKit.framework */ = {isa = PBXFileReference; lastKnownFileType = wrapper.framework; name = UIKit.framework; path = System/Library/Frameworks/UIKit.framework; sourceTree = SDKROOT; };
		CBC66955178DCF6100D4FCD7 /* Foundation.framework */ = {isa = PBXFileReference; lastKnownFileType = wrapper.framework; name = Foundation.framework; path = System/Library/Frameworks/Foundation.framework; sourceTree = SDKROOT; };
		CBC66957178DCF6100D4FCD7 /* CoreGraphics.framework */ = {isa = PBXFileReference; lastKnownFileType = wrapper.framework; name = CoreGraphics.framework; path = System/Library/Frameworks/CoreGraphics.framework; sourceTree = SDKROOT; };
		CBC6695B178DCF6100D4FCD7 /* h4ApiDemo-Info.plist */ = {isa = PBXFileReference; lastKnownFileType = text.plist.xml; path = "h4ApiDemo-Info.plist"; sourceTree = "<group>"; };
		CBC6695D178DCF6100D4FCD7 /* en */ = {isa = PBXFileReference; lastKnownFileType = text.plist.strings; name = en; path = en.lproj/InfoPlist.strings; sourceTree = "<group>"; };
		CBC6695F178DCF6100D4FCD7 /* main.m */ = {isa = PBXFileReference; lastKnownFileType = sourcecode.c.objc; path = main.m; sourceTree = "<group>"; };
		CBC66961178DCF6100D4FCD7 /* h4ApiDemo-Prefix.pch */ = {isa = PBXFileReference; lastKnownFileType = sourcecode.c.h; path = "h4ApiDemo-Prefix.pch"; sourceTree = "<group>"; };
		CBC66962178DCF6100D4FCD7 /* h4APIAppDelegate.h */ = {isa = PBXFileReference; lastKnownFileType = sourcecode.c.h; path = h4APIAppDelegate.h; sourceTree = "<group>"; };
		CBC66963178DCF6100D4FCD7 /* h4APIAppDelegate.m */ = {isa = PBXFileReference; lastKnownFileType = sourcecode.c.objc; path = h4APIAppDelegate.m; sourceTree = "<group>"; };
		CBC66965178DCF6100D4FCD7 /* Default.png */ = {isa = PBXFileReference; lastKnownFileType = image.png; path = Default.png; sourceTree = "<group>"; };
		CBC66967178DCF6100D4FCD7 /* Default@2x.png */ = {isa = PBXFileReference; lastKnownFileType = image.png; path = "Default@2x.png"; sourceTree = "<group>"; };
		CBC66969178DCF6100D4FCD7 /* Default-568h@2x.png */ = {isa = PBXFileReference; lastKnownFileType = image.png; path = "Default-568h@2x.png"; sourceTree = "<group>"; };
		CBC6696C178DCF6100D4FCD7 /* en */ = {isa = PBXFileReference; lastKnownFileType = file.storyboard; name = en; path = en.lproj/MainStoryboard_iPhone.storyboard; sourceTree = "<group>"; };
		CBC6696F178DCF6100D4FCD7 /* en */ = {isa = PBXFileReference; lastKnownFileType = file.storyboard; name = en; path = en.lproj/MainStoryboard_iPad.storyboard; sourceTree = "<group>"; };
		CBC66971178DCF6100D4FCD7 /* h4APIViewController.h */ = {isa = PBXFileReference; lastKnownFileType = sourcecode.c.h; path = h4APIViewController.h; sourceTree = "<group>"; };
		CBC66972178DCF6100D4FCD7 /* h4APIViewController.m */ = {isa = PBXFileReference; lastKnownFileType = sourcecode.c.objc; path = h4APIViewController.m; sourceTree = "<group>"; };
		CBC66979178DCF9800D4FCD7 /* H4APIStatRetreival.h */ = {isa = PBXFileReference; fileEncoding = 4; lastKnownFileType = sourcecode.c.h; path = H4APIStatRetreival.h; sourceTree = "<group>"; };
		CBC6697A178DCF9800D4FCD7 /* H4APIStatRetreival.m */ = {isa = PBXFileReference; fileEncoding = 4; lastKnownFileType = sourcecode.c.objc; path = H4APIStatRetreival.m; sourceTree = "<group>"; };
/* End PBXFileReference section */

/* Begin PBXFrameworksBuildPhase section */
		CBC6694D178DCF6100D4FCD7 /* Frameworks */ = {
			isa = PBXFrameworksBuildPhase;
			buildActionMask = 2147483647;
			files = (
				CBC66954178DCF6100D4FCD7 /* UIKit.framework in Frameworks */,
				CBC66956178DCF6100D4FCD7 /* Foundation.framework in Frameworks */,
				CBC66958178DCF6100D4FCD7 /* CoreGraphics.framework in Frameworks */,
			);
			runOnlyForDeploymentPostprocessing = 0;
		};
/* End PBXFrameworksBuildPhase section */

/* Begin PBXGroup section */
		CBC66947178DCF6100D4FCD7 = {
			isa = PBXGroup;
			children = (
				CBC66959178DCF6100D4FCD7 /* h4ApiDemo */,
				CBC66952178DCF6100D4FCD7 /* Frameworks */,
				CBC66951178DCF6100D4FCD7 /* Products */,
			);
			sourceTree = "<group>";
		};
		CBC66951178DCF6100D4FCD7 /* Products */ = {
			isa = PBXGroup;
			children = (
				CBC66950178DCF6100D4FCD7 /* h4ApiDemo.app */,
			);
			name = Products;
			sourceTree = "<group>";
		};
		CBC66952178DCF6100D4FCD7 /* Frameworks */ = {
			isa = PBXGroup;
			children = (
				CBC66953178DCF6100D4FCD7 /* UIKit.framework */,
				CBC66955178DCF6100D4FCD7 /* Foundation.framework */,
				CBC66957178DCF6100D4FCD7 /* CoreGraphics.framework */,
			);
			name = Frameworks;
			sourceTree = "<group>";
		};
		CBC66959178DCF6100D4FCD7 /* h4ApiDemo */ = {
			isa = PBXGroup;
			children = (
				CBC66962178DCF6100D4FCD7 /* h4APIAppDelegate.h */,
				CBC66963178DCF6100D4FCD7 /* h4APIAppDelegate.m */,
				CBC6696B178DCF6100D4FCD7 /* MainStoryboard_iPhone.storyboard */,
				CBC6696E178DCF6100D4FCD7 /* MainStoryboard_iPad.storyboard */,
				CBC66971178DCF6100D4FCD7 /* h4APIViewController.h */,
				CBC66972178DCF6100D4FCD7 /* h4APIViewController.m */,
				CBC66979178DCF9800D4FCD7 /* H4APIStatRetreival.h */,
				CBC6697A178DCF9800D4FCD7 /* H4APIStatRetreival.m */,
				CBC6695A178DCF6100D4FCD7 /* Supporting Files */,
			);
			path = h4ApiDemo;
			sourceTree = "<group>";
		};
		CBC6695A178DCF6100D4FCD7 /* Supporting Files */ = {
			isa = PBXGroup;
			children = (
				CBC6695B178DCF6100D4FCD7 /* h4ApiDemo-Info.plist */,
				CBC6695C178DCF6100D4FCD7 /* InfoPlist.strings */,
				CBC6695F178DCF6100D4FCD7 /* main.m */,
				CBC66961178DCF6100D4FCD7 /* h4ApiDemo-Prefix.pch */,
				CBC66965178DCF6100D4FCD7 /* Default.png */,
				CBC66967178DCF6100D4FCD7 /* Default@2x.png */,
				CBC66969178DCF6100D4FCD7 /* Default-568h@2x.png */,
			);
			name = "Supporting Files";
			sourceTree = "<group>";
		};
/* End PBXGroup section */

/* Begin PBXNativeTarget section */
		CBC6694F178DCF6100D4FCD7 /* h4ApiDemo */ = {
			isa = PBXNativeTarget;
			buildConfigurationList = CBC66976178DCF6100D4FCD7 /* Build configuration list for PBXNativeTarget "h4ApiDemo" */;
			buildPhases = (
				CBC6694C178DCF6100D4FCD7 /* Sources */,
				CBC6694D178DCF6100D4FCD7 /* Frameworks */,
				CBC6694E178DCF6100D4FCD7 /* Resources */,
			);
			buildRules = (
			);
			dependencies = (
			);
			name = h4ApiDemo;
			productName = h4ApiDemo;
			productReference = CBC66950178DCF6100D4FCD7 /* h4ApiDemo.app */;
			productType = "com.apple.product-type.application";
		};
/* End PBXNativeTarget section */

/* Begin PBXProject section */
		CBC66948178DCF6100D4FCD7 /* Project object */ = {
			isa = PBXProject;
			attributes = {
				CLASSPREFIX = h4API;
				LastUpgradeCheck = 0460;
				ORGANIZATIONNAME = "Charlie Pryor";
			};
			buildConfigurationList = CBC6694B178DCF6100D4FCD7 /* Build configuration list for PBXProject "h4ApiDemo" */;
			compatibilityVersion = "Xcode 3.2";
			developmentRegion = English;
			hasScannedForEncodings = 0;
			knownRegions = (
				en,
			);
			mainGroup = CBC66947178DCF6100D4FCD7;
			productRefGroup = CBC66951178DCF6100D4FCD7 /* Products */;
			projectDirPath = "";
			projectRoot = "";
			targets = (
				CBC6694F178DCF6100D4FCD7 /* h4ApiDemo */,
			);
		};
/* End PBXProject section */

/* Begin PBXResourcesBuildPhase section */
		CBC6694E178DCF6100D4FCD7 /* Resources */ = {
			isa = PBXResourcesBuildPhase;
			buildActionMask = 2147483647;
			files = (
				CBC6695E178DCF6100D4FCD7 /* InfoPlist.strings in Resources */,
				CBC66966178DCF6100D4FCD7 /* Default.png in Resources */,
				CBC66968178DCF6100D4FCD7 /* Default@2x.png in Resources */,
				CBC6696A178DCF6100D4FCD7 /* Default-568h@2x.png in Resources */,
				CBC6696D178DCF6100D4FCD7 /* MainStoryboard_iPhone.storyboard in Resources */,
				CBC66970178DCF6100D4FCD7 /* MainStoryboard_iPad.storyboard in Resources */,
			);
			runOnlyForDeploymentPostprocessing = 0;
		};
/* End PBXResourcesBuildPhase section */

/* Begin PBXSourcesBuildPhase section */
		CBC6694C178DCF6100D4FCD7 /* Sources */ = {
			isa = PBXSourcesBuildPhase;
			buildActionMask = 2147483647;
			files = (
				CBC66960178DCF6100D4FCD7 /* main.m in Sources */,
				CBC66964178DCF6100D4FCD7 /* h4APIAppDelegate.m in Sources */,
				CBC66973178DCF6100D4FCD7 /* h4APIViewController.m in Sources */,
				CBC6697B178DCF9800D4FCD7 /* H4APIStatRetreival.m in Sources */,
			);
			runOnlyForDeploymentPostprocessing = 0;
		};
/* End PBXSourcesBuildPhase section */

/* Begin PBXVariantGroup section */
		CBC6695C178DCF6100D4FCD7 /* InfoPlist.strings */ = {
			isa = PBXVariantGroup;
			children = (
				CBC6695D178DCF6100D4FCD7 /* en */,
			);
			name = InfoPlist.strings;
			sourceTree = "<group>";
		};
		CBC6696B178DCF6100D4FCD7 /* MainStoryboard_iPhone.storyboard */ = {
			isa = PBXVariantGroup;
			children = (
				CBC6696C178DCF6100D4FCD7 /* en */,
			);
			name = MainStoryboard_iPhone.storyboard;
			sourceTree = "<group>";
		};
		CBC6696E178DCF6100D4FCD7 /* MainStoryboard_iPad.storyboard */ = {
			isa = PBXVariantGroup;
			children = (
				CBC6696F178DCF6100D4FCD7 /* en */,
			);
			name = MainStoryboard_iPad.storyboard;
			sourceTree = "<group>";
		};
/* End PBXVariantGroup section */

/* Begin XCBuildConfiguration section */
		CBC66974178DCF6100D4FCD7 /* Debug */ = {
			isa = XCBuildConfiguration;
			buildSettings = {
				ALWAYS_SEARCH_USER_PATHS = NO;
				CLANG_CXX_LANGUAGE_STANDARD = "gnu++0x";
				CLANG_CXX_LIBRARY = "libc++";
				CLANG_ENABLE_OBJC_ARC = YES;
				CLANG_WARN_CONSTANT_CONVERSION = YES;
				CLANG_WARN_EMPTY_BODY = YES;
				CLANG_WARN_ENUM_CONVERSION = YES;
				CLANG_WARN_INT_CONVERSION = YES;
				CLANG_WARN__DUPLICATE_METHOD_MATCH = YES;
				"CODE_SIGN_IDENTITY[sdk=iphoneos*]" = "iPhone Developer";
				COPY_PHASE_STRIP = NO;
				GCC_C_LANGUAGE_STANDARD = gnu99;
				GCC_DYNAMIC_NO_PIC = NO;
				GCC_OPTIMIZATION_LEVEL = 0;
				GCC_PREPROCESSOR_DEFINITIONS = (
					"DEBUG=1",
					"$(inherited)",
				);
				GCC_SYMBOLS_PRIVATE_EXTERN = NO;
				GCC_WARN_ABOUT_RETURN_TYPE = YES;
				GCC_WARN_UNINITIALIZED_AUTOS = YES;
				GCC_WARN_UNUSED_VARIABLE = YES;
				IPHONEOS_DEPLOYMENT_TARGET = 6.1;
				ONLY_ACTIVE_ARCH = YES;
				SDKROOT = iphoneos;
				TARGETED_DEVICE_FAMILY = "1,2";
			};
			name = Debug;
		};
		CBC66975178DCF6100D4FCD7 /* Release */ = {
			isa = XCBuildConfiguration;
			buildSettings = {
				ALWAYS_SEARCH_USER_PATHS = NO;
				CLANG_CXX_LANGUAGE_STANDARD = "gnu++0x";
				CLANG_CXX_LIBRARY = "libc++";
				CLANG_ENABLE_OBJC_ARC = YES;
				CLANG_WARN_CONSTANT_CONVERSION = YES;
				CLANG_WARN_EMPTY_BODY = YES;
				CLANG_WARN_ENUM_CONVERSION = YES;
				CLANG_WARN_INT_CONVERSION = YES;
				CLANG_WARN__DUPLICATE_METHOD_MATCH = YES;
				"CODE_SIGN_IDENTITY[sdk=iphoneos*]" = "iPhone Developer";
				COPY_PHASE_STRIP = YES;
				GCC_C_LANGUAGE_STANDARD = gnu99;
				GCC_WARN_ABOUT_RETURN_TYPE = YES;
				GCC_WARN_UNINITIALIZED_AUTOS = YES;
				GCC_WARN_UNUSED_VARIABLE = YES;
				IPHONEOS_DEPLOYMENT_TARGET = 6.1;
				OTHER_CFLAGS = "-DNS_BLOCK_ASSERTIONS=1";
				SDKROOT = iphoneos;
				TARGETED_DEVICE_FAMILY = "1,2";
				VALIDATE_PRODUCT = YES;
			};
			name = Release;
		};
		CBC66977178DCF6100D4FCD7 /* Debug */ = {
			isa = XCBuildConfiguration;
			buildSettings = {
				GCC_PRECOMPILE_PREFIX_HEADER = YES;
				GCC_PREFIX_HEADER = "h4ApiDemo/h4ApiDemo-Prefix.pch";
				INFOPLIST_FILE = "h4ApiDemo/h4ApiDemo-Info.plist";
				PRODUCT_NAME = "$(TARGET_NAME)";
				WRAPPER_EXTENSION = app;
			};
			name = Debug;
		};
		CBC66978178DCF6100D4FCD7 /* Release */ = {
			isa = XCBuildConfiguration;
			buildSettings = {
				GCC_PRECOMPILE_PREFIX_HEADER = YES;
				GCC_PREFIX_HEADER = "h4ApiDemo/h4ApiDemo-Prefix.pch";
				INFOPLIST_FILE = "h4ApiDemo/h4ApiDemo-Info.plist";
				PRODUCT_NAME = "$(TARGET_NAME)";
				WRAPPER_EXTENSION = app;
			};
			name = Release;
		};
/* End XCBuildConfiguration section */

/* Begin XCConfigurationList section */
		CBC6694B178DCF6100D4FCD7 /* Build configuration list for PBXProject "h4ApiDemo" */ = {
			isa = XCConfigurationList;
			buildConfigurations = (
				CBC66974178DCF6100D4FCD7 /* Debug */,
				CBC66975178DCF6100D4FCD7 /* Release */,
			);
			defaultConfigurationIsVisible = 0;
			defaultConfigurationName = Release;
		};
		CBC66976178DCF6100D4FCD7 /* Build configuration list for PBXNativeTarget "h4ApiDemo" */ = {
			isa = XCConfigurationList;
			buildConfigurations = (
				CBC66977178DCF6100D4FCD7 /* Debug */,
				CBC66978178DCF6100D4FCD7 /* Release */,
			);
			defaultConfigurationIsVisible = 0;
		};
/* End XCConfigurationList section */
	};
	rootObject = CBC66948178DCF6100D4FCD7 /* Project object */;
}
